<?xml version="1.0" encoding="utf-8"?>
<Project ToolsVersion="4.0" xmlns="http://schemas.microsoft.com/developer/msbuild/2003">
  <ItemGroup>
    <Filter Include="Source Files">
      <UniqueIdentifier>{4FC737F1-C7A5-4376-A066-2A32D752A2FF}</UniqueIdentifier>
      <Extensions>cpp;c;cc;cxx;c++;cppm;ixx;def;odl;idl;hpj;bat;asm;asmx</Extensions>
    </Filter>
    <Filter Include="Header Files">
      <UniqueIdentifier>{93995380-89BD-4b04-88EB-625FBE52EBFB}</UniqueIdentifier>
      <Extensions>h;hh;hpp;hxx;h++;hm;inl;inc;ipp;xsd</Extensions>
    </Filter>
    <Filter Include="Shader FIles">
      <UniqueIdentifier>{1bd8a0d1-a813-4927-b40b-b0efc9ab4dc9}</UniqueIdentifier>
    </Filter>
    <Filter Include="Resource Files">
      <UniqueIdentifier>{67DA6AB6-F800-4c08-8B7A-83BB121AAD01}</UniqueIdentifier>
      <Extensions>rc;ico;cur;bmp;dlg;rc2;rct;bin;rgs;gif;jpg;jpeg;jpe;resx;tiff;tif;png;wav;mfcribbon-ms</Extensions>
    </Filter>
  </ItemGroup>
  <ItemGroup>
    <ClCompile Include="main.cpp">
      <Filter>Source Files</Filter>
    </ClCompile>
    <ClCompile Include="Math5D.cpp">
      <Filter>Source Files</Filter>
    </ClCompile>
    <ClCompile Include="StateManager.cpp">
      <Filter>Source Files</Filter>
    </ClCompile>
    <ClCompile Include="StateGame.cpp">
      <Filter>Source Files</Filter>
    </ClCompile>
    <ClCompile Include="Directory.cpp">
      <Filter>Source Files</Filter>
    </ClCompile>
    <ClCompile Include="File.cpp">
      <Filter>Source Files</Filter>
    </ClCompile>
    <ClCompile Include="Framebuffer.cpp">
      <Filter>Source Files</Filter>
    </ClCompile>
    <ClCompile Include="GPUBuffer.cpp">
      <Filter>Source Files</Filter>
    </ClCompile>
    <ClCompile Include="Texture.cpp">
      <Filter>Source Files</Filter>
    </ClCompile>
    <ClCompile Include="TexRenderer.cpp">
      <Filter>Source Files</Filter>
    </ClCompile>
    <ClCompile Include="Shader.cpp">
      <Filter>Source Files</Filter>
    </ClCompile>
    <ClCompile Include="QuadRenderer.cpp">
      <Filter>Source Files</Filter>
    </ClCompile>
    <ClCompile Include="TextureBuffer.cpp">
      <Filter>Source Files</Filter>
    </ClCompile>
    <ClCompile Include="StateTitleScreen.cpp">
      <Filter>Source Files</Filter>
    </ClCompile>
    <ClCompile Include="ui.cpp">
      <Filter>Source Files</Filter>
    </ClCompile>
    <ClCompile Include="QuadRendererBasic.cpp">
      <Filter>Source Files</Filter>
    </ClCompile>
    <ClCompile Include="TextRenderer.cpp">
      <Filter>Source Files</Filter>
    </ClCompile>
    <ClCompile Include="Chunk.cpp">
      <Filter>Source Files</Filter>
    </ClCompile>
    <ClCompile Include="World.cpp">
      <Filter>Source Files</Filter>
    </ClCompile>
    <ClCompile Include="StateCreateWorld.cpp">
      <Filter>Source Files</Filter>
    </ClCompile>
    <ClCompile Include="StateGeneratingWorld.cpp">
      <Filter>Source Files</Filter>
    </ClCompile>
    <ClCompile Include="audio.cpp">
      <Filter>Source Files</Filter>
    </ClCompile>
    <ClCompile Include="StateControls.cpp">
      <Filter>Source Files</Filter>
    </ClCompile>
    <ClCompile Include="StateLoadWorld.cpp">
      <Filter>Source Files</Filter>
    </ClCompile>
  </ItemGroup>
  <ItemGroup>
    <None Include="packages.config" />
    <None Include="assets\shaders\quad.vert">
      <Filter>Shader FIles</Filter>
    </None>
    <None Include="assets\shaders\renderer.frag">
      <Filter>Shader FIles</Filter>
    </None>
    <None Include="assets\shaders\renderer.vert">
      <Filter>Shader FIles</Filter>
    </None>
    <None Include="assets\shaders\text.vert">
      <Filter>Shader FIles</Filter>
    </None>
    <None Include="assets\shaders\quad.frag">
      <Filter>Shader FIles</Filter>
    </None>
    <None Include="assets\shaders\quadBasic.vert">
      <Filter>Shader FIles</Filter>
    </None>
    <None Include="assets\shaders\text.frag">
      <Filter>Shader FIles</Filter>
    </None>
    <None Include="assets\shaders\text.geom">
      <Filter>Shader FIles</Filter>
    </None>
    <None Include="assets\shaders\tex.frag">
      <Filter>Shader FIles</Filter>
    </None>
  </ItemGroup>
  <ItemGroup>
    <ClInclude Include="Math5D.h">
      <Filter>Header Files</Filter>
    </ClInclude>
    <ClInclude Include="vec5.h">
      <Filter>Header Files</Filter>
    </ClInclude>
    <ClInclude Include="vec6.h">
      <Filter>Header Files</Filter>
    </ClInclude>
    <ClInclude Include="StateManager.h">
      <Filter>Header Files</Filter>
    </ClInclude>
    <ClInclude Include="State.h">
      <Filter>Header Files</Filter>
    </ClInclude>
    <ClInclude Include="StateGame.h">
      <Filter>Header Files</Filter>
    </ClInclude>
    <ClInclude Include="GPUBuffer.h">
      <Filter>Header Files</Filter>
    </ClInclude>
    <ClInclude Include="Directory.h">
      <Filter>Header Files</Filter>
    </ClInclude>
    <ClInclude Include="File.h">
      <Filter>Header Files</Filter>
    </ClInclude>
    <ClInclude Include="Framebuffer.h">
      <Filter>Header Files</Filter>
    </ClInclude>
    <ClInclude Include="Texture.h">
      <Filter>Header Files</Filter>
    </ClInclude>
    <ClInclude Include="TexRenderer.h">
      <Filter>Header Files</Filter>
    </ClInclude>
    <ClInclude Include="Shader.h">
      <Filter>Header Files</Filter>
    </ClInclude>
    <ClInclude Include="QuadRenderer.h">
      <Filter>Header Files</Filter>
    </ClInclude>
    <ClInclude Include="stb_image.h">
      <Filter>Header Files</Filter>
    </ClInclude>
    <ClInclude Include="tuple_hash.h">
      <Filter>Header Files</Filter>
    </ClInclude>
    <ClInclude Include="TextureBuffer.h">
      <Filter>Header Files</Filter>
    </ClInclude>
    <ClInclude Include="json.hpp">
      <Filter>Header Files</Filter>
    </ClInclude>
    <ClInclude Include="StateTitleScreen.h">
      <Filter>Header Files</Filter>
    </ClInclude>
    <ClInclude Include="ui.h">
      <Filter>Header Files</Filter>
    </ClInclude>
    <ClInclude Include="QuadRendererBasic.h">
      <Filter>Header Files</Filter>
    </ClInclude>
    <ClInclude Include="TextRenderer.h">
      <Filter>Header Files</Filter>
    </ClInclude>
    <ClInclude Include="resource.h">
      <Filter>Header Files</Filter>
    </ClInclude>
    <ClInclude Include="Chunk.h">
      <Filter>Header Files</Filter>
    </ClInclude>
    <ClInclude Include="Block.h">
      <Filter>Header Files</Filter>
    </ClInclude>
    <ClInclude Include="World.h">
      <Filter>Header Files</Filter>
    </ClInclude>
    <ClInclude Include="utils.h">
      <Filter>Header Files</Filter>
    </ClInclude>
    <ClInclude Include="MashPool.h">
      <Filter>Header Files</Filter>
    </ClInclude>
    <ClInclude Include="StateCreateWorld.h">
      <Filter>Header Files</Filter>
    </ClInclude>
    <ClInclude Include="StateGeneratingWorld.h">
      <Filter>Header Files</Filter>
    </ClInclude>
    <ClInclude Include="OpenSimplexNoise.hpp">
      <Filter>Header Files</Filter>
    </ClInclude>
    <ClInclude Include="audio.h">
      <Filter>Header Files</Filter>
    </ClInclude>
    <ClInclude Include="StateControls.h">
      <Filter>Header Files</Filter>
    </ClInclude>
    <ClInclude Include="StateLoadWorld.h">
      <Filter>Header Files</Filter>
    </ClInclude>
  </ItemGroup>
  <ItemGroup>
    <ResourceCompile Include="5D-Miner.rc">
      <Filter>Resource Files</Filter>
    </ResourceCompile>
  </ItemGroup>
</Project>